
Microsoft Visual Studio Solution File, Format Version 12.00
# Visual Studio Version 17
VisualStudioVersion = 17.6.33801.468
MinimumVisualStudioVersion = 10.0.40219.1
Project("{FAE04EC0-301F-11D3-BF4B-00C04F79EFBC}") = "TFRegisterLoginJWT", "TFRegisterLoginJWT\TFRegisterLoginJWT.csproj", "{80002963-5CF4-434E-80CD-A63D85FCCBFF}"
EndProject
Global
	GlobalSection(SolutionConfigurationPlatforms) = preSolution
		Debug|Any CPU = Debug|Any CPU
		Release|Any CPU = Release|Any CPU
	EndGlobalSection
	GlobalSection(ProjectConfigurationPlatforms) = postSolution
		{80002963-5CF4-434E-80CD-A63D85FCCBFF}.Debug|Any CPU.ActiveCfg = Debug|Any CPU
		{80002963-5CF4-434E-80CD-A63D85FCCBFF}.Debug|Any CPU.Build.0 = Debug|Any CPU
		{80002963-5CF4-434E-80CD-A63D85FCCBFF}.Release|Any CPU.ActiveCfg = Release|Any CPU
		{80002963-5CF4-434E-80CD-A63D85FCCBFF}.Release|Any CPU.Build.0 = Release|Any CPU
	EndGlobalSection
	GlobalSection(SolutionProperties) = preSolution
		HideSolutionNode = FALSE
	EndGlobalSection
	GlobalSection(ExtensibilityGlobals) = postSolution
		SolutionGuid = {93D7C413-E45D-41A7-9DDC-7FBD1244CB3B}
	EndGlobalSection
EndGlobal
